
Microsoft Visual Studio Solution File, Format Version 12.00
# Visual Studio Version 17
VisualStudioVersion = 17.8.34511.84
MinimumVisualStudioVersion = 10.0.40219.1
Project("{FAE04EC0-301F-11D3-BF4B-00C04F79EFBC}") = "Prob3.10", "Prob3.10\Prob3.10.csproj", "{1D55C6E9-5DFC-4DAC-BE97-2583E4DD730B}"
EndProject
Global
	GlobalSection(SolutionConfigurationPlatforms) = preSolution
		Debug|Any CPU = Debug|Any CPU
		Release|Any CPU = Release|Any CPU
	EndGlobalSection
	GlobalSection(ProjectConfigurationPlatforms) = postSolution
		{1D55C6E9-5DFC-4DAC-BE97-2583E4DD730B}.Debug|Any CPU.ActiveCfg = Debug|Any CPU
		{1D55C6E9-5DFC-4DAC-BE97-2583E4DD730B}.Debug|Any CPU.Build.0 = Debug|Any CPU
		{1D55C6E9-5DFC-4DAC-BE97-2583E4DD730B}.Release|Any CPU.ActiveCfg = Release|Any CPU
		{1D55C6E9-5DFC-4DAC-BE97-2583E4DD730B}.Release|Any CPU.Build.0 = Release|Any CPU
	EndGlobalSection
	GlobalSection(SolutionProperties) = preSolution
		HideSolutionNode = FALSE
	EndGlobalSection
	GlobalSection(ExtensibilityGlobals) = postSolution
		SolutionGuid = {A014250D-C6DC-4D3F-B8DF-9AD8918FA7F7}
	EndGlobalSection
EndGlobal
