
Microsoft Visual Studio Solution File, Format Version 12.00
# Visual Studio Version 17
VisualStudioVersion = 17.9.34616.47
MinimumVisualStudioVersion = 10.0.40219.1
Project("{FAE04EC0-301F-11D3-BF4B-00C04F79EFBC}") = "Prob8.5", "Prob8.5\Prob8.5.csproj", "{9EB453C5-2479-400F-AF24-5927819E6B48}"
EndProject
Project("{FAE04EC0-301F-11D3-BF4B-00C04F79EFBC}") = "Prob8.4", "Prob8.4\Prob8.4.csproj", "{3410D236-F97B-415A-B8C7-87FF5C5873F5}"
EndProject
Project("{9A19103F-16F7-4668-BE54-9A1E7A4F7556}") = "Prob8.3", "Prob8.3\Prob8.3.csproj", "{3E478B88-DDE0-4E2D-9266-72AFFC702296}"
EndProject
Project("{9A19103F-16F7-4668-BE54-9A1E7A4F7556}") = "Prob7.10", "Prob7.10\Prob7.10.csproj", "{C89EB41E-0978-41FF-9DBA-53BCB37BAE74}"
EndProject
Project("{FAE04EC0-301F-11D3-BF4B-00C04F79EFBC}") = "Prob7.4", "Prob7.4\Prob7.4.csproj", "{3021265E-8F14-47E5-AD50-2407A61B4657}"
EndProject
Project("{FAE04EC0-301F-11D3-BF4B-00C04F79EFBC}") = "Prob7.6", "Prob7.6\Prob7.6.csproj", "{A19F9B18-40E4-46D0-9EC6-72C6D095B898}"
EndProject
Project("{9A19103F-16F7-4668-BE54-9A1E7A4F7556}") = "Prob6.9", "Prob6.9\Prob6.9.csproj", "{65AE9A82-E62E-4CB4-B643-F19C65902EEC}"
EndProject
Project("{9A19103F-16F7-4668-BE54-9A1E7A4F7556}") = "Prob6.4", "04_Joes_Automotive\Prob6.4.csproj", "{600D4640-09AC-4140-B0F1-0AE387FA5C1D}"
EndProject
Global
	GlobalSection(SolutionConfigurationPlatforms) = preSolution
		Debug|Any CPU = Debug|Any CPU
		Release|Any CPU = Release|Any CPU
	EndGlobalSection
	GlobalSection(ProjectConfigurationPlatforms) = postSolution
		{9EB453C5-2479-400F-AF24-5927819E6B48}.Debug|Any CPU.ActiveCfg = Debug|Any CPU
		{9EB453C5-2479-400F-AF24-5927819E6B48}.Debug|Any CPU.Build.0 = Debug|Any CPU
		{9EB453C5-2479-400F-AF24-5927819E6B48}.Release|Any CPU.ActiveCfg = Release|Any CPU
		{9EB453C5-2479-400F-AF24-5927819E6B48}.Release|Any CPU.Build.0 = Release|Any CPU
		{3410D236-F97B-415A-B8C7-87FF5C5873F5}.Debug|Any CPU.ActiveCfg = Debug|Any CPU
		{3410D236-F97B-415A-B8C7-87FF5C5873F5}.Debug|Any CPU.Build.0 = Debug|Any CPU
		{3410D236-F97B-415A-B8C7-87FF5C5873F5}.Release|Any CPU.ActiveCfg = Release|Any CPU
		{3410D236-F97B-415A-B8C7-87FF5C5873F5}.Release|Any CPU.Build.0 = Release|Any CPU
		{3E478B88-DDE0-4E2D-9266-72AFFC702296}.Debug|Any CPU.ActiveCfg = Debug|Any CPU
		{3E478B88-DDE0-4E2D-9266-72AFFC702296}.Debug|Any CPU.Build.0 = Debug|Any CPU
		{3E478B88-DDE0-4E2D-9266-72AFFC702296}.Release|Any CPU.ActiveCfg = Release|Any CPU
		{3E478B88-DDE0-4E2D-9266-72AFFC702296}.Release|Any CPU.Build.0 = Release|Any CPU
		{C89EB41E-0978-41FF-9DBA-53BCB37BAE74}.Debug|Any CPU.ActiveCfg = Debug|Any CPU
		{C89EB41E-0978-41FF-9DBA-53BCB37BAE74}.Debug|Any CPU.Build.0 = Debug|Any CPU
		{C89EB41E-0978-41FF-9DBA-53BCB37BAE74}.Release|Any CPU.ActiveCfg = Release|Any CPU
		{C89EB41E-0978-41FF-9DBA-53BCB37BAE74}.Release|Any CPU.Build.0 = Release|Any CPU
		{3021265E-8F14-47E5-AD50-2407A61B4657}.Debug|Any CPU.ActiveCfg = Debug|Any CPU
		{3021265E-8F14-47E5-AD50-2407A61B4657}.Debug|Any CPU.Build.0 = Debug|Any CPU
		{3021265E-8F14-47E5-AD50-2407A61B4657}.Release|Any CPU.ActiveCfg = Release|Any CPU
		{3021265E-8F14-47E5-AD50-2407A61B4657}.Release|Any CPU.Build.0 = Release|Any CPU
		{A19F9B18-40E4-46D0-9EC6-72C6D095B898}.Debug|Any CPU.ActiveCfg = Debug|Any CPU
		{A19F9B18-40E4-46D0-9EC6-72C6D095B898}.Debug|Any CPU.Build.0 = Debug|Any CPU
		{A19F9B18-40E4-46D0-9EC6-72C6D095B898}.Release|Any CPU.ActiveCfg = Release|Any CPU
		{A19F9B18-40E4-46D0-9EC6-72C6D095B898}.Release|Any CPU.Build.0 = Release|Any CPU
		{65AE9A82-E62E-4CB4-B643-F19C65902EEC}.Debug|Any CPU.ActiveCfg = Debug|Any CPU
		{65AE9A82-E62E-4CB4-B643-F19C65902EEC}.Debug|Any CPU.Build.0 = Debug|Any CPU
		{65AE9A82-E62E-4CB4-B643-F19C65902EEC}.Release|Any CPU.ActiveCfg = Release|Any CPU
		{65AE9A82-E62E-4CB4-B643-F19C65902EEC}.Release|Any CPU.Build.0 = Release|Any CPU
		{600D4640-09AC-4140-B0F1-0AE387FA5C1D}.Debug|Any CPU.ActiveCfg = Debug|Any CPU
		{600D4640-09AC-4140-B0F1-0AE387FA5C1D}.Debug|Any CPU.Build.0 = Debug|Any CPU
		{600D4640-09AC-4140-B0F1-0AE387FA5C1D}.Release|Any CPU.ActiveCfg = Release|Any CPU
		{600D4640-09AC-4140-B0F1-0AE387FA5C1D}.Release|Any CPU.Build.0 = Release|Any CPU
	EndGlobalSection
	GlobalSection(SolutionProperties) = preSolution
		HideSolutionNode = FALSE
	EndGlobalSection
	GlobalSection(ExtensibilityGlobals) = postSolution
		SolutionGuid = {274E43CB-4CA7-4DF5-B614-00178BEF9FC7}
	EndGlobalSection
EndGlobal
