
Microsoft Visual Studio Solution File, Format Version 12.00
# Visual Studio Version 17
VisualStudioVersion = 17.9.34622.214
MinimumVisualStudioVersion = 10.0.40219.1
Project("{FAE04EC0-301F-11D3-BF4B-00C04F79EFBC}") = "Prob13.1", "Prob13.1.csproj\Prob13.1.csproj", "{F98C8CFB-27A6-4E12-8107-60014F96C129}"
EndProject
Global
	GlobalSection(SolutionConfigurationPlatforms) = preSolution
		Debug|Any CPU = Debug|Any CPU
		Release|Any CPU = Release|Any CPU
	EndGlobalSection
	GlobalSection(ProjectConfigurationPlatforms) = postSolution
		{F98C8CFB-27A6-4E12-8107-60014F96C129}.Debug|Any CPU.ActiveCfg = Debug|Any CPU
		{F98C8CFB-27A6-4E12-8107-60014F96C129}.Debug|Any CPU.Build.0 = Debug|Any CPU
		{F98C8CFB-27A6-4E12-8107-60014F96C129}.Release|Any CPU.ActiveCfg = Release|Any CPU
		{F98C8CFB-27A6-4E12-8107-60014F96C129}.Release|Any CPU.Build.0 = Release|Any CPU
	EndGlobalSection
	GlobalSection(SolutionProperties) = preSolution
		HideSolutionNode = FALSE
	EndGlobalSection
	GlobalSection(ExtensibilityGlobals) = postSolution
		SolutionGuid = {89C2C123-4681-42AD-A301-DB85B83E02DE}
	EndGlobalSection
EndGlobal
