
Microsoft Visual Studio Solution File, Format Version 12.00
# Visual Studio Version 17
VisualStudioVersion = 17.9.34616.47
MinimumVisualStudioVersion = 10.0.40219.1
Project("{FAE04EC0-301F-11D3-BF4B-00C04F79EFBC}") = "PlantIdDemo", "PlantIdDemo\PlantIdDemo.csproj", "{618D863E-1721-4350-B41E-BDE0D3E924D9}"
EndProject
Global
	GlobalSection(SolutionConfigurationPlatforms) = preSolution
		Debug|Any CPU = Debug|Any CPU
		Release|Any CPU = Release|Any CPU
	EndGlobalSection
	GlobalSection(ProjectConfigurationPlatforms) = postSolution
		{618D863E-1721-4350-B41E-BDE0D3E924D9}.Debug|Any CPU.ActiveCfg = Debug|Any CPU
		{618D863E-1721-4350-B41E-BDE0D3E924D9}.Debug|Any CPU.Build.0 = Debug|Any CPU
		{618D863E-1721-4350-B41E-BDE0D3E924D9}.Release|Any CPU.ActiveCfg = Release|Any CPU
		{618D863E-1721-4350-B41E-BDE0D3E924D9}.Release|Any CPU.Build.0 = Release|Any CPU
	EndGlobalSection
	GlobalSection(SolutionProperties) = preSolution
		HideSolutionNode = FALSE
	EndGlobalSection
	GlobalSection(ExtensibilityGlobals) = postSolution
		SolutionGuid = {4228A2CE-3304-43D9-A092-E3B4FC6BDAC2}
	EndGlobalSection
EndGlobal
