
Microsoft Visual Studio Solution File, Format Version 12.00
# Visual Studio Version 17
VisualStudioVersion = 17.8.34525.116
MinimumVisualStudioVersion = 10.0.40219.1
Project("{FAE04EC0-301F-11D3-BF4B-00C04F79EFBC}") = "youtubetest", "youtubetest\youtubetest.csproj", "{09317BD2-EE0C-40CA-887E-9619E068418A}"
EndProject
Global
	GlobalSection(SolutionConfigurationPlatforms) = preSolution
		Debug|Any CPU = Debug|Any CPU
		Release|Any CPU = Release|Any CPU
	EndGlobalSection
	GlobalSection(ProjectConfigurationPlatforms) = postSolution
		{09317BD2-EE0C-40CA-887E-9619E068418A}.Debug|Any CPU.ActiveCfg = Debug|Any CPU
		{09317BD2-EE0C-40CA-887E-9619E068418A}.Debug|Any CPU.Build.0 = Debug|Any CPU
		{09317BD2-EE0C-40CA-887E-9619E068418A}.Release|Any CPU.ActiveCfg = Release|Any CPU
		{09317BD2-EE0C-40CA-887E-9619E068418A}.Release|Any CPU.Build.0 = Release|Any CPU
	EndGlobalSection
	GlobalSection(SolutionProperties) = preSolution
		HideSolutionNode = FALSE
	EndGlobalSection
	GlobalSection(ExtensibilityGlobals) = postSolution
		SolutionGuid = {36E10B69-10FE-4E3A-A65F-B80C85505861}
	EndGlobalSection
EndGlobal
